{
  "version": 4,
  "terraform_version": "1.11.1",
  "serial": 303,
  "lineage": "ccac755c-39a6-606b-c3b7-e59d789ca9a4",
  "outputs": {
    "eks_cluster_endpoint": {
      "value": "https://9AD65131CFE82BEF8D28288332C26349.gr7.us-east-1.eks.amazonaws.com",
      "type": "string"
    },
    "eks_cluster_id": {
      "value": "task-management-cluster-atul",
      "type": "string"
    },
    "eks_cluster_role_arn": {
      "value": "arn:aws:iam::590184134827:role/eks-cluster-role",
      "type": "string"
    },
    "eks_key_pair_name": {
      "value": "eks-node-key",
      "type": "string"
    },
    "eks_node_group_name": {
      "value": "task-management-cluster-atul-node-group",
      "type": "string"
    },
    "public_subnet_ids": {
      "value": [
        "subnet-084e9d9a5dff3fb90",
        "subnet-090536b2e845270d5"
      ],
      "type": [
        "tuple",
        [
          "string",
          "string"
        ]
      ]
    },
    "vpc_id": {
      "value": "vpc-055727f7b18bb1c7a",
      "type": "string"
    }
  },
  "resources": [
    {
      "mode": "managed",
      "type": "aws_key_pair",
      "name": "eks_key",
      "provider": "provider[\"registry.terraform.io/hashicorp/aws\"]",
      "instances": [
        {
          "schema_version": 1,
          "attributes": {
            "arn": "arn:aws:ec2:us-east-1:590184134827:key-pair/eks-node-key",
            "fingerprint": "bd:7b:91:07:15:82:a9:c6:49:42:d5:2f:0f:1d:8c:3c",
            "id": "eks-node-key",
            "key_name": "eks-node-key",
            "key_name_prefix": "",
            "key_pair_id": "key-0a75a252221f8f71f",
            "key_type": "rsa",
            "public_key": "ssh-rsa AAAAB3NzaC1yc2EAAAADAQABAAACAQC/k+ZCMkCiOp9O62twCHuQcgqiyCwSv4Vrd3/sgxb2rg+4VROHb2Tp+KNNmMjoq3Q9WR7gXU4J279DoFR6W1A7AJ0zELtp5biO1x3Le5L1VDzr1PJKnIgv02mPUjiy/lShi2jgl0iPbLXv7M932ZaKsSzcHKAJ2WSzdmyqdaBTxXh4EDVJWnubzOSGI84HE/P4EYzP/K5BG9YBqYDh/1q++ilnZ0r18hFgVgRtj9jKIAL9icOCGlYVYi8DcQfJ214A16JQUj6JvH4rozfxhafv7Nfm46B9ibeDhmD52ZShfAHbHxA1WJv75SmO25+MJDcuOYftLQpZVFF7paV7dx9NxO9CoPRjlzw+MunApIiF545M7LRKFMkbQCzxaU+uk8W/piQzolXRDrLY53fnlp9P8/y1QzaRhTPVVeqS1qGpSERAbLKoU5eMXUn/NwuXDW4Iq0xuyCQDg6DjB7zp519xOTik8n5hXTvTQkq4oStnkU9mYQKVWI5i7h+HCYm5ieD7K7F13iUkmX/s6sqgx4pgi/XVHoojvwCI6ZdKbtDYsLwyX8yr7jXwoL42LdH1/aGoJS51w7qkPwaVJZrI4mQF+djDSRUUPsH8FoUMVh1yFd2vD2QC2b4H6tij7JThYIx9hXUVusRlnaZOnNA8Ig2ZntYHp5Uh8Cv6+AtuWMkdeQ==",
            "tags": null,
            "tags_all": {}
          },
          "sensitive_attributes": [],
          "private": "eyJzY2hlbWFfdmVyc2lvbiI6IjEifQ==",
          "dependencies": [
            "module.eks_iam.aws_iam_role.eks_cluster_role",
            "module.eks_iam.aws_iam_role_policy_attachment.eks_cluster_AmazonEC2ContainerRegistryReadOnly",
            "module.eks_iam.aws_iam_role_policy_attachment.eks_cluster_AmazonEKSClusterPolicy",
            "module.eks_iam.aws_iam_role_policy_attachment.eks_cluster_AmazonEKSVPCResourceController",
            "module.eks_iam.aws_iam_role_policy_attachment.eks_cluster_AmazonEKSWorkerNodePolicy",
            "module.eks_iam.aws_iam_role_policy_attachment.eks_cluster_AmazonEKS_CNI_Policy",
            "module.vpc.aws_internet_gateway.igw",
            "module.vpc.aws_route_table.public_route_table",
            "module.vpc.aws_route_table_association.public_subnet_assoc_1",
            "module.vpc.aws_route_table_association.public_subnet_assoc_2",
            "module.vpc.aws_subnet.public_subnet_1",
            "module.vpc.aws_subnet.public_subnet_2",
            "module.vpc.aws_vpc.main_vpc",
            "tls_private_key.eks_node_key"
          ]
        }
      ]
    },
    {
      "mode": "managed",
      "type": "local_file",
      "name": "eks_node_private_key",
      "provider": "provider[\"registry.terraform.io/hashicorp/local\"]",
      "instances": [
        {
          "schema_version": 0,
          "attributes": {
            "content": "-----BEGIN RSA PRIVATE KEY-----\nMIIJKQIBAAKCAgEAv5PmQjJAojqfTutrcAh7kHIKosgsEr+Fa3d/7IMW9q4PuFUT\nh29k6fijTZjI6Kt0PVke4F1OCdu/Q6BUeltQOwCdMxC7aeW4jtcdy3uS9VQ869Ty\nSpyIL9Npj1I4sv5UoYto4JdIj2y17+zPd9mWirEs3BygCdlks3ZsqnWgU8V4eBA1\nSVp7m8zkhiPOBxPz+BGMz/yuQRvWAamA4f9avvopZ2dK9fIRYFYEbY/YyiAC/YnD\nghpWFWIvA3EHydteANeiUFI+ibx+K6M38YWn7+zX5uOgfYm3g4Zg+dmUoXwB2x8Q\nNVib++UpjtufjCQ3LjmH7S0KWVRRe6Wle3cfTcTvQqD0Y5c8PjLpwKSIheeOTOy0\nShTJG0As8WlPrpPFv6YkM6JV0Q6y2Od355afT/P8tUM2kYUz1VXqktahqUhEQGyy\nqFOXjF1J/zcLlw1uCKtMbsgkA4Og4we86edfcTk4pPJ+YV0700JKuKErZ5FPZmEC\nlViOYu4fhwmJuYng+yuxdd4lJJl/7OrKoMeKYIv11R6KI78AiOmXSm7Q2LC8Ml/M\nq+418KC+Ni3R9f2hqCUudcO6pD8GlSWayOJkBfnYw0kVFD7B/BaFDFYdchXdrw9k\nAtm+B+rYo+yU4WCMfYV1FbrEZZ2mTpzQPCINmZ7WB6eVIfAr+vgLbljJHXkCAwEA\nAQKCAgEAjN/1MjhBzwnMm/wBxSB3vIAf0hPgVOkA80Wsi/7ZpAvbA3GMKst/KY3s\nh+MR2gY6M+KVEeeKuzUcMF51wIPlO334GtTy+6wxSthk0HzOVBjds42jnbn9ay3L\nMdkEWJstIJ2jQYP9l3oZT5ST+03FpbcjhbiG9rclldI/lhlpDDDppWBFzur6elbw\ntLMfjZTekkxVf5wPh1EwzYgXfhiIYmcSizcpqDGZFX4rQ2XDxN5FVKs5WTKEmrTY\nXW+Aiq8FMRlgAjB4TFCPdwdO3AussoE3QlGgcrASgmUOaqvU3+qQctEk2hWOnmyl\nYqedazA2Y4dqrL2yHn4ibQoh5ehy2zeAhF9XizcZER6stgNW1szlSfdlPio1rZwE\nbu/sn7YiQ/694svZM19GskSzES9+GBTU6lXi6nz43G9e3UdG8ZJPAGB9ASYkp7sU\nZbUs84H8T2sPKoFa6luKmMQGZIUmWQaVYLsviFICygf8m61/w2dTtGW4xEpHQspQ\n1tCZEBd5l89VQ4oI8TgTOPVJRFxcJW0PWRzY6ER41ApJEYe9MGzotKGPFo+u6JVv\nuRPtmd+A1aJxtOO3+nIOAVf8+k9hj3VvadZyw+aecQH8o9KPmkgN03G7VDIn7n7g\n53gZE0o8qkN+f9PKmZaZ1nyQKnbFSLNSxGHxmus0ccbUY0m0AAECggEBANvo29A9\nLyHYvOZknY8Hn6auZCIJHr2vS6dD9scMClPiY4JXSbvo78/utI6ADOYyZSQplfhW\nL83fUlRvdHGB1zYcOrvIbqEiVX02lN1U2mwRHP2k9nO8tRPcuJMWb+ZufE26ZOXG\n9tfUj948kq1PicUMSU5KO4B0J2rWxW9pW2yeZd0Z3xvpX8Ea/X75gx2RjL6v+9e9\nCJNlMmGMI8kjXmKWza9iK/vwQ7HGPkeGSUfupX7gazejeqT2j153K8M+n39tHaA5\nE0Of7u+Phks1EAoL8oT9WMobU/JY6bepdboS5Jr7AHDfJoV25SxwDN7BMf6UlDkQ\noUdJFHNbtTqqS/kCggEBAN8EuUJ1XS12KPMeWuyjcBfCNdAyiMA3miCiNNTGG7xO\n0p2APdJjXWAddjh47YtJhQ8pI9MirK5Nk8puIe6fAjaHy6Swl1fS+SvpFaVtxDNM\nK2Jbipm6tSjFP3TTIz/HUdV9BXx7OOB1DZ4ny/nVJaokXmIIs5S581hX4Qq+SBkh\nA8A+amVau1IUx/BlCb7grgQRdcUBb1PjSDxqMh3zNsRSxYbrZD68tRHbVV917ZM4\nVm+HtnXA/S6WCf7nV1yIgjvfEmuDIXvM7rjnuUw/26GI1gp+F0p4tnv8okaYaBAf\nObj21fTYxDAM1cWA9GkfMO32s2gcfMRXsocIkopyvYECggEAF3OcxXdQ6G4hrvw5\n5T/t4aulWA/a7GWeTscrsQxyqYFyFTtTzKtJr8YIEU5Mkdv790BMEwC19mGDeSet\nplEvb0DRbqcwTRTJQyIn+/aJmI62pcIK2krckLKwKFdzNYLA1NU032A5gMjVUuDo\nz3y094OY6bV25Pr+HSGsSnZU3p+Bw3N33JUltgU31WusdOHJvags1lP9byKSnd6B\nDnksHp1wb+yrPiHgRjwa9iu28unbUk2CgZt4f9EfdvaEfzzVa5RqXWTYzhRnObr3\nmludS0T85vvRlTQW3rhmrERxHpfXM0PjRyY1CHSmefe1F6hIuZqEuBUy7dQ4TxkP\nmaMBmQKCAQA5ahXnrh9W3Nyd+mqeEVWCSFViTCA4nBfp3tiLDpWFXSWLtsAzsbEQ\nVYVh9H/zI/JFfOnkKUEbfo1VyBSkQftn3n3m4C+WRJIxY8hW1nN0YV+p6rc77H1H\nCcDUaqbgfIfs1krbST3TS08+MDCrGNyheMtzoZnZ6CVl0Pn2shYNoho9G9R4U2t2\nLjNrCBgCNAWYtoYDOeNXTWQDabONUlf/IvAHVAJyxFI5TqYj9VA8XnyiKeYnWo/T\ntnzMSvKKt/oPP9aWJyQvowqyP7XMk4QPihLQkLWeToVsVhXQ5tujiuZpX+KlLkkT\ntbozJofFqGoIWULGws68HXewm9xeGDwBAoIBAQCagcx1PGRyvcUkQkwbXCi5W2mw\nPRXGW9/CKb56tsHc25Z7F1ymmyx8D3M0Qyjskyxri2yV9W/Ar4hJSLE+qkXOu4xI\nbg3KA2by5GfrqhUHCR7uTDQ8iYkfI9PrYHrf8cQcuVtTwDlETDzmD04h3EySiDAb\n/HKZptvQ5LHgRcS5bjBJIXTmHfnE/7CZHFpLACiRa5kwGN87VBcScod7iERoilvR\nR6ZF6flj5mAPwW+i5S46biR/lvImpwOLqEaADu1j95j9rtgSub9CkwYYJZ9Mamo+\noar0FbhaoSb3RY32RCC0bc4F3ZYVAXWHofKm/JYr3fw9JRUwly3CJ7dG/+ke\n-----END RSA PRIVATE KEY-----\n",
            "content_base64": null,
            "content_base64sha256": "gBN319QGteZ7a+3rXYSQsEL76TxFvEvil0KS5yZMxUI=",
            "content_base64sha512": "CGrTFxvo6vBvZFJPzUN20FyEFMyXOFxsI2ysUYfjeADjSzXeqmn9KIQg3yv9dlri2k8muNGvSftm4G6yFqgN7w==",
            "content_md5": "562f2e50c9e451ae7730f3501847ce35",
            "content_sha1": "9480b08571e265f00cb48f644a787ea4aee93fdd",
            "content_sha256": "801377d7d406b5e67b6bedeb5d8490b042fbe93c45bc4be2974292e7264cc542",
            "content_sha512": "086ad3171be8eaf06f64524fcd4376d05c8414cc97385c6c236cac5187e37800e34b35deaa69fd288420df2bfd765ae2da4f26b8d1af49fb66e06eb216a80def",
            "directory_permission": "0777",
            "file_permission": "0400",
            "filename": "./manifest/eks-node-key.pem",
            "id": "9480b08571e265f00cb48f644a787ea4aee93fdd",
            "sensitive_content": null,
            "source": null
          },
          "sensitive_attributes": [
            [
              {
                "type": "get_attr",
                "value": "content"
              }
            ],
            [
              {
                "type": "get_attr",
                "value": "sensitive_content"
              }
            ]
          ],
          "dependencies": [
            "aws_key_pair.eks_key",
            "module.eks_iam.aws_iam_role.eks_cluster_role",
            "module.eks_iam.aws_iam_role_policy_attachment.eks_cluster_AmazonEC2ContainerRegistryReadOnly",
            "module.eks_iam.aws_iam_role_policy_attachment.eks_cluster_AmazonEKSClusterPolicy",
            "module.eks_iam.aws_iam_role_policy_attachment.eks_cluster_AmazonEKSVPCResourceController",
            "module.eks_iam.aws_iam_role_policy_attachment.eks_cluster_AmazonEKSWorkerNodePolicy",
            "module.eks_iam.aws_iam_role_policy_attachment.eks_cluster_AmazonEKS_CNI_Policy",
            "module.vpc.aws_internet_gateway.igw",
            "module.vpc.aws_route_table.public_route_table",
            "module.vpc.aws_route_table_association.public_subnet_assoc_1",
            "module.vpc.aws_route_table_association.public_subnet_assoc_2",
            "module.vpc.aws_subnet.public_subnet_1",
            "module.vpc.aws_subnet.public_subnet_2",
            "module.vpc.aws_vpc.main_vpc",
            "tls_private_key.eks_node_key"
          ]
        }
      ]
    },
    {
      "mode": "managed",
      "type": "tls_private_key",
      "name": "eks_node_key",
      "provider": "provider[\"registry.terraform.io/hashicorp/tls\"]",
      "instances": [
        {
          "schema_version": 1,
          "attributes": {
            "algorithm": "RSA",
            "ecdsa_curve": "P224",
            "id": "bf60fdd7f8c6e08ac8627ecd5b5864f712a59d69",
            "private_key_openssh": "-----BEGIN OPENSSH PRIVATE KEY-----\nb3BlbnNzaC1rZXktdjEAAAAABG5vbmUAAAAEbm9uZQAAAAAAAAABAAACFwAAAAdz\nc2gtcnNhAAAAAwEAAQAAAgEAv5PmQjJAojqfTutrcAh7kHIKosgsEr+Fa3d/7IMW\n9q4PuFUTh29k6fijTZjI6Kt0PVke4F1OCdu/Q6BUeltQOwCdMxC7aeW4jtcdy3uS\n9VQ869TySpyIL9Npj1I4sv5UoYto4JdIj2y17+zPd9mWirEs3BygCdlks3ZsqnWg\nU8V4eBA1SVp7m8zkhiPOBxPz+BGMz/yuQRvWAamA4f9avvopZ2dK9fIRYFYEbY/Y\nyiAC/YnDghpWFWIvA3EHydteANeiUFI+ibx+K6M38YWn7+zX5uOgfYm3g4Zg+dmU\noXwB2x8QNVib++UpjtufjCQ3LjmH7S0KWVRRe6Wle3cfTcTvQqD0Y5c8PjLpwKSI\nheeOTOy0ShTJG0As8WlPrpPFv6YkM6JV0Q6y2Od355afT/P8tUM2kYUz1VXqktah\nqUhEQGyyqFOXjF1J/zcLlw1uCKtMbsgkA4Og4we86edfcTk4pPJ+YV0700JKuKEr\nZ5FPZmEClViOYu4fhwmJuYng+yuxdd4lJJl/7OrKoMeKYIv11R6KI78AiOmXSm7Q\n2LC8Ml/Mq+418KC+Ni3R9f2hqCUudcO6pD8GlSWayOJkBfnYw0kVFD7B/BaFDFYd\nchXdrw9kAtm+B+rYo+yU4WCMfYV1FbrEZZ2mTpzQPCINmZ7WB6eVIfAr+vgLbljJ\nHXkAAAc4Jb2aEyW9mhMAAAAHc3NoLXJzYQAAAgEAv5PmQjJAojqfTutrcAh7kHIK\nosgsEr+Fa3d/7IMW9q4PuFUTh29k6fijTZjI6Kt0PVke4F1OCdu/Q6BUeltQOwCd\nMxC7aeW4jtcdy3uS9VQ869TySpyIL9Npj1I4sv5UoYto4JdIj2y17+zPd9mWirEs\n3BygCdlks3ZsqnWgU8V4eBA1SVp7m8zkhiPOBxPz+BGMz/yuQRvWAamA4f9avvop\nZ2dK9fIRYFYEbY/YyiAC/YnDghpWFWIvA3EHydteANeiUFI+ibx+K6M38YWn7+zX\n5uOgfYm3g4Zg+dmUoXwB2x8QNVib++UpjtufjCQ3LjmH7S0KWVRRe6Wle3cfTcTv\nQqD0Y5c8PjLpwKSIheeOTOy0ShTJG0As8WlPrpPFv6YkM6JV0Q6y2Od355afT/P8\ntUM2kYUz1VXqktahqUhEQGyyqFOXjF1J/zcLlw1uCKtMbsgkA4Og4we86edfcTk4\npPJ+YV0700JKuKErZ5FPZmEClViOYu4fhwmJuYng+yuxdd4lJJl/7OrKoMeKYIv1\n1R6KI78AiOmXSm7Q2LC8Ml/Mq+418KC+Ni3R9f2hqCUudcO6pD8GlSWayOJkBfnY\nw0kVFD7B/BaFDFYdchXdrw9kAtm+B+rYo+yU4WCMfYV1FbrEZZ2mTpzQPCINmZ7W\nB6eVIfAr+vgLbljJHXkAAAADAQABAAACAQCM3/UyOEHPCcyb/AHFIHe8gB/SE+BU\n6QDzRayL/tmkC9sDcYwqy38pjeyH4xHaBjoz4pUR54q7NRwwXnXAg+U7ffga1PL7\nrDFK2GTQfM5UGN2zjaOduf1rLcsx2QRYmy0gnaNBg/2XehlPlJP7TcWltyOFuIb2\ntyWV0j+WGWkMMOmlYEXO6vp6VvC0sx+NlN6STFV/nA+HUTDNiBd+GIhiZxKLNymo\nMZkVfitDZcPE3kVUqzlZMoSatNhdb4CKrwUxGWACMHhMUI93B07cC6yygTdCUaBy\nsBKCZQ5qq9Tf6pBy0STaFY6ebKVip51rMDZjh2qsvbIefiJtCiHl6HLbN4CEX1eL\nNxkRHqy2A1bWzOVJ92U+KjWtnARu7+yftiJD/r3iy9kzX0ayRLMRL34YFNTqVeLq\nfPjcb17dR0bxkk8AYH0BJiSnuxRltSzzgfxPaw8qgVrqW4qYxAZkhSZZBpVguy+I\nUgLKB/ybrX/DZ1O0ZbjESkdCylDW0JkQF3mXz1VDigjxOBM49UlEXFwlbQ9ZHNjo\nRHjUCkkRh70wbOi0oY8Wj67olW+5E+2Z34DVonG047f6cg4BV/z6T2GPdW9p1nLD\n5p5xAfyj0o+aSA3TcbtUMifufuDneBkTSjyqQ35/08qZlpnWfJAqdsVIs1LEYfGa\n6zRxxtRjSbQAAQAAAQEAmoHMdTxkcr3FJEJMG1wouVtpsD0Vxlvfwim+erbB3NuW\nexdcppssfA9zNEMo7JMsa4tslfVvwK+ISUixPqpFzruMSG4NygNm8uRn66oVBwke\n7kw0PImJHyPT62B63/HEHLlbU8A5REw85g9OIdxMkogwG/xymabb0OSx4EXEuW4w\nSSF05h35xP+wmRxaSwAokWuZMBjfO1QXEnKHe4hEaIpb0UemRen5Y+ZgD8FvouUu\nOm4kf5byJqcDi6hGgA7tY/eY/a7YErm/QpMGGCWfTGpqPqGq9BW4WqEm90WN9kQg\ntG3OBd2WFQF1h6HypvyWK938PSUVMJctwie3Rv/pHgAAAQEA2+jb0D0vIdi85mSd\njwefpq5kIgkeva9Lp0P2xwwKU+JjgldJu+jvz+60joAM5jJlJCmV+FYvzd9SVG90\ncYHXNhw6u8huoSJVfTaU3VTabBEc/aT2c7y1E9y4kxZv5m58Tbpk5cb219SP3jyS\nrU+JxQxJTko7gHQnatbFb2lbbJ5l3RnfG+lfwRr9fvmDHZGMvq/7170Ik2UyYYwj\nySNeYpbNr2Ir+/BDscY+R4ZJR+6lfuBrN6N6pPaPXncrwz6ff20doDkTQ5/u74+G\nSzUQCgvyhP1YyhtT8ljpt6l1uhLkmvsAcN8mhXblLHAM3sEx/pSUORChR0kUc1u1\nOqpL+QAAAQEA3wS5QnVdLXYo8x5a7KNwF8I10DKIwDeaIKI01MYbvE7SnYA90mNd\nYB12OHjti0mFDykj0yKsrk2Tym4h7p8CNofLpLCXV9L5K+kVpW3EM0wrYluKmbq1\nKMU/dNMjP8dR1X0FfHs44HUNnifL+dUlqiReYgizlLnzWFfhCr5IGSEDwD5qZVq7\nUhTH8GUJvuCuBBF1xQFvU+NIPGoyHfM2xFLFhutkPry1EdtVX3XtkzhWb4e2dcD9\nLpYJ/udXXIiCO98Sa4Mhe8zuuOe5TD/boYjWCn4XSni2e/yiRphoEB85uPbV9NjE\nMAzVxYD0aR8w7fazaBx8xFeyhwiSinK9gQAAAAAB\n-----END OPENSSH PRIVATE KEY-----\n",
            "private_key_pem": "-----BEGIN RSA PRIVATE KEY-----\nMIIJKQIBAAKCAgEAv5PmQjJAojqfTutrcAh7kHIKosgsEr+Fa3d/7IMW9q4PuFUT\nh29k6fijTZjI6Kt0PVke4F1OCdu/Q6BUeltQOwCdMxC7aeW4jtcdy3uS9VQ869Ty\nSpyIL9Npj1I4sv5UoYto4JdIj2y17+zPd9mWirEs3BygCdlks3ZsqnWgU8V4eBA1\nSVp7m8zkhiPOBxPz+BGMz/yuQRvWAamA4f9avvopZ2dK9fIRYFYEbY/YyiAC/YnD\nghpWFWIvA3EHydteANeiUFI+ibx+K6M38YWn7+zX5uOgfYm3g4Zg+dmUoXwB2x8Q\nNVib++UpjtufjCQ3LjmH7S0KWVRRe6Wle3cfTcTvQqD0Y5c8PjLpwKSIheeOTOy0\nShTJG0As8WlPrpPFv6YkM6JV0Q6y2Od355afT/P8tUM2kYUz1VXqktahqUhEQGyy\nqFOXjF1J/zcLlw1uCKtMbsgkA4Og4we86edfcTk4pPJ+YV0700JKuKErZ5FPZmEC\nlViOYu4fhwmJuYng+yuxdd4lJJl/7OrKoMeKYIv11R6KI78AiOmXSm7Q2LC8Ml/M\nq+418KC+Ni3R9f2hqCUudcO6pD8GlSWayOJkBfnYw0kVFD7B/BaFDFYdchXdrw9k\nAtm+B+rYo+yU4WCMfYV1FbrEZZ2mTpzQPCINmZ7WB6eVIfAr+vgLbljJHXkCAwEA\nAQKCAgEAjN/1MjhBzwnMm/wBxSB3vIAf0hPgVOkA80Wsi/7ZpAvbA3GMKst/KY3s\nh+MR2gY6M+KVEeeKuzUcMF51wIPlO334GtTy+6wxSthk0HzOVBjds42jnbn9ay3L\nMdkEWJstIJ2jQYP9l3oZT5ST+03FpbcjhbiG9rclldI/lhlpDDDppWBFzur6elbw\ntLMfjZTekkxVf5wPh1EwzYgXfhiIYmcSizcpqDGZFX4rQ2XDxN5FVKs5WTKEmrTY\nXW+Aiq8FMRlgAjB4TFCPdwdO3AussoE3QlGgcrASgmUOaqvU3+qQctEk2hWOnmyl\nYqedazA2Y4dqrL2yHn4ibQoh5ehy2zeAhF9XizcZER6stgNW1szlSfdlPio1rZwE\nbu/sn7YiQ/694svZM19GskSzES9+GBTU6lXi6nz43G9e3UdG8ZJPAGB9ASYkp7sU\nZbUs84H8T2sPKoFa6luKmMQGZIUmWQaVYLsviFICygf8m61/w2dTtGW4xEpHQspQ\n1tCZEBd5l89VQ4oI8TgTOPVJRFxcJW0PWRzY6ER41ApJEYe9MGzotKGPFo+u6JVv\nuRPtmd+A1aJxtOO3+nIOAVf8+k9hj3VvadZyw+aecQH8o9KPmkgN03G7VDIn7n7g\n53gZE0o8qkN+f9PKmZaZ1nyQKnbFSLNSxGHxmus0ccbUY0m0AAECggEBANvo29A9\nLyHYvOZknY8Hn6auZCIJHr2vS6dD9scMClPiY4JXSbvo78/utI6ADOYyZSQplfhW\nL83fUlRvdHGB1zYcOrvIbqEiVX02lN1U2mwRHP2k9nO8tRPcuJMWb+ZufE26ZOXG\n9tfUj948kq1PicUMSU5KO4B0J2rWxW9pW2yeZd0Z3xvpX8Ea/X75gx2RjL6v+9e9\nCJNlMmGMI8kjXmKWza9iK/vwQ7HGPkeGSUfupX7gazejeqT2j153K8M+n39tHaA5\nE0Of7u+Phks1EAoL8oT9WMobU/JY6bepdboS5Jr7AHDfJoV25SxwDN7BMf6UlDkQ\noUdJFHNbtTqqS/kCggEBAN8EuUJ1XS12KPMeWuyjcBfCNdAyiMA3miCiNNTGG7xO\n0p2APdJjXWAddjh47YtJhQ8pI9MirK5Nk8puIe6fAjaHy6Swl1fS+SvpFaVtxDNM\nK2Jbipm6tSjFP3TTIz/HUdV9BXx7OOB1DZ4ny/nVJaokXmIIs5S581hX4Qq+SBkh\nA8A+amVau1IUx/BlCb7grgQRdcUBb1PjSDxqMh3zNsRSxYbrZD68tRHbVV917ZM4\nVm+HtnXA/S6WCf7nV1yIgjvfEmuDIXvM7rjnuUw/26GI1gp+F0p4tnv8okaYaBAf\nObj21fTYxDAM1cWA9GkfMO32s2gcfMRXsocIkopyvYECggEAF3OcxXdQ6G4hrvw5\n5T/t4aulWA/a7GWeTscrsQxyqYFyFTtTzKtJr8YIEU5Mkdv790BMEwC19mGDeSet\nplEvb0DRbqcwTRTJQyIn+/aJmI62pcIK2krckLKwKFdzNYLA1NU032A5gMjVUuDo\nz3y094OY6bV25Pr+HSGsSnZU3p+Bw3N33JUltgU31WusdOHJvags1lP9byKSnd6B\nDnksHp1wb+yrPiHgRjwa9iu28unbUk2CgZt4f9EfdvaEfzzVa5RqXWTYzhRnObr3\nmludS0T85vvRlTQW3rhmrERxHpfXM0PjRyY1CHSmefe1F6hIuZqEuBUy7dQ4TxkP\nmaMBmQKCAQA5ahXnrh9W3Nyd+mqeEVWCSFViTCA4nBfp3tiLDpWFXSWLtsAzsbEQ\nVYVh9H/zI/JFfOnkKUEbfo1VyBSkQftn3n3m4C+WRJIxY8hW1nN0YV+p6rc77H1H\nCcDUaqbgfIfs1krbST3TS08+MDCrGNyheMtzoZnZ6CVl0Pn2shYNoho9G9R4U2t2\nLjNrCBgCNAWYtoYDOeNXTWQDabONUlf/IvAHVAJyxFI5TqYj9VA8XnyiKeYnWo/T\ntnzMSvKKt/oPP9aWJyQvowqyP7XMk4QPihLQkLWeToVsVhXQ5tujiuZpX+KlLkkT\ntbozJofFqGoIWULGws68HXewm9xeGDwBAoIBAQCagcx1PGRyvcUkQkwbXCi5W2mw\nPRXGW9/CKb56tsHc25Z7F1ymmyx8D3M0Qyjskyxri2yV9W/Ar4hJSLE+qkXOu4xI\nbg3KA2by5GfrqhUHCR7uTDQ8iYkfI9PrYHrf8cQcuVtTwDlETDzmD04h3EySiDAb\n/HKZptvQ5LHgRcS5bjBJIXTmHfnE/7CZHFpLACiRa5kwGN87VBcScod7iERoilvR\nR6ZF6flj5mAPwW+i5S46biR/lvImpwOLqEaADu1j95j9rtgSub9CkwYYJZ9Mamo+\noar0FbhaoSb3RY32RCC0bc4F3ZYVAXWHofKm/JYr3fw9JRUwly3CJ7dG/+ke\n-----END RSA PRIVATE KEY-----\n",
            "private_key_pem_pkcs8": "-----BEGIN PRIVATE KEY-----\nMIIJQwIBADANBgkqhkiG9w0BAQEFAASCCS0wggkpAgEAAoICAQC/k+ZCMkCiOp9O\n62twCHuQcgqiyCwSv4Vrd3/sgxb2rg+4VROHb2Tp+KNNmMjoq3Q9WR7gXU4J279D\noFR6W1A7AJ0zELtp5biO1x3Le5L1VDzr1PJKnIgv02mPUjiy/lShi2jgl0iPbLXv\n7M932ZaKsSzcHKAJ2WSzdmyqdaBTxXh4EDVJWnubzOSGI84HE/P4EYzP/K5BG9YB\nqYDh/1q++ilnZ0r18hFgVgRtj9jKIAL9icOCGlYVYi8DcQfJ214A16JQUj6JvH4r\nozfxhafv7Nfm46B9ibeDhmD52ZShfAHbHxA1WJv75SmO25+MJDcuOYftLQpZVFF7\npaV7dx9NxO9CoPRjlzw+MunApIiF545M7LRKFMkbQCzxaU+uk8W/piQzolXRDrLY\n53fnlp9P8/y1QzaRhTPVVeqS1qGpSERAbLKoU5eMXUn/NwuXDW4Iq0xuyCQDg6Dj\nB7zp519xOTik8n5hXTvTQkq4oStnkU9mYQKVWI5i7h+HCYm5ieD7K7F13iUkmX/s\n6sqgx4pgi/XVHoojvwCI6ZdKbtDYsLwyX8yr7jXwoL42LdH1/aGoJS51w7qkPwaV\nJZrI4mQF+djDSRUUPsH8FoUMVh1yFd2vD2QC2b4H6tij7JThYIx9hXUVusRlnaZO\nnNA8Ig2ZntYHp5Uh8Cv6+AtuWMkdeQIDAQABAoICAQCM3/UyOEHPCcyb/AHFIHe8\ngB/SE+BU6QDzRayL/tmkC9sDcYwqy38pjeyH4xHaBjoz4pUR54q7NRwwXnXAg+U7\nffga1PL7rDFK2GTQfM5UGN2zjaOduf1rLcsx2QRYmy0gnaNBg/2XehlPlJP7TcWl\ntyOFuIb2tyWV0j+WGWkMMOmlYEXO6vp6VvC0sx+NlN6STFV/nA+HUTDNiBd+GIhi\nZxKLNymoMZkVfitDZcPE3kVUqzlZMoSatNhdb4CKrwUxGWACMHhMUI93B07cC6yy\ngTdCUaBysBKCZQ5qq9Tf6pBy0STaFY6ebKVip51rMDZjh2qsvbIefiJtCiHl6HLb\nN4CEX1eLNxkRHqy2A1bWzOVJ92U+KjWtnARu7+yftiJD/r3iy9kzX0ayRLMRL34Y\nFNTqVeLqfPjcb17dR0bxkk8AYH0BJiSnuxRltSzzgfxPaw8qgVrqW4qYxAZkhSZZ\nBpVguy+IUgLKB/ybrX/DZ1O0ZbjESkdCylDW0JkQF3mXz1VDigjxOBM49UlEXFwl\nbQ9ZHNjoRHjUCkkRh70wbOi0oY8Wj67olW+5E+2Z34DVonG047f6cg4BV/z6T2GP\ndW9p1nLD5p5xAfyj0o+aSA3TcbtUMifufuDneBkTSjyqQ35/08qZlpnWfJAqdsVI\ns1LEYfGa6zRxxtRjSbQAAQKCAQEA2+jb0D0vIdi85mSdjwefpq5kIgkeva9Lp0P2\nxwwKU+JjgldJu+jvz+60joAM5jJlJCmV+FYvzd9SVG90cYHXNhw6u8huoSJVfTaU\n3VTabBEc/aT2c7y1E9y4kxZv5m58Tbpk5cb219SP3jySrU+JxQxJTko7gHQnatbF\nb2lbbJ5l3RnfG+lfwRr9fvmDHZGMvq/7170Ik2UyYYwjySNeYpbNr2Ir+/BDscY+\nR4ZJR+6lfuBrN6N6pPaPXncrwz6ff20doDkTQ5/u74+GSzUQCgvyhP1YyhtT8ljp\nt6l1uhLkmvsAcN8mhXblLHAM3sEx/pSUORChR0kUc1u1OqpL+QKCAQEA3wS5QnVd\nLXYo8x5a7KNwF8I10DKIwDeaIKI01MYbvE7SnYA90mNdYB12OHjti0mFDykj0yKs\nrk2Tym4h7p8CNofLpLCXV9L5K+kVpW3EM0wrYluKmbq1KMU/dNMjP8dR1X0FfHs4\n4HUNnifL+dUlqiReYgizlLnzWFfhCr5IGSEDwD5qZVq7UhTH8GUJvuCuBBF1xQFv\nU+NIPGoyHfM2xFLFhutkPry1EdtVX3XtkzhWb4e2dcD9LpYJ/udXXIiCO98Sa4Mh\ne8zuuOe5TD/boYjWCn4XSni2e/yiRphoEB85uPbV9NjEMAzVxYD0aR8w7fazaBx8\nxFeyhwiSinK9gQKCAQAXc5zFd1DobiGu/DnlP+3hq6VYD9rsZZ5OxyuxDHKpgXIV\nO1PMq0mvxggRTkyR2/v3QEwTALX2YYN5J62mUS9vQNFupzBNFMlDIif79omYjral\nwgraStyQsrAoV3M1gsDU1TTfYDmAyNVS4OjPfLT3g5jptXbk+v4dIaxKdlTen4HD\nc3fclSW2BTfVa6x04cm9qCzWU/1vIpKd3oEOeSwenXBv7Ks+IeBGPBr2K7by6dtS\nTYKBm3h/0R929oR/PNVrlGpdZNjOFGc5uveaW51LRPzm+9GVNBbeuGasRHEel9cz\nQ+NHJjUIdKZ597UXqEi5moS4FTLt1DhPGQ+ZowGZAoIBADlqFeeuH1bc3J36ap4R\nVYJIVWJMIDicF+ne2IsOlYVdJYu2wDOxsRBVhWH0f/Mj8kV86eQpQRt+jVXIFKRB\n+2fefebgL5ZEkjFjyFbWc3RhX6nqtzvsfUcJwNRqpuB8h+zWSttJPdNLTz4wMKsY\n3KF4y3OhmdnoJWXQ+fayFg2iGj0b1HhTa3YuM2sIGAI0BZi2hgM541dNZANps41S\nV/8i8AdUAnLEUjlOpiP1UDxefKIp5idaj9O2fMxK8oq3+g8/1pYnJC+jCrI/tcyT\nhA+KEtCQtZ5OhWxWFdDm26OK5mlf4qUuSRO1ujMmh8WoaghZQsbCzrwdd7Cb3F4Y\nPAECggEBAJqBzHU8ZHK9xSRCTBtcKLlbabA9FcZb38Ipvnq2wdzblnsXXKabLHwP\nczRDKOyTLGuLbJX1b8CviElIsT6qRc67jEhuDcoDZvLkZ+uqFQcJHu5MNDyJiR8j\n0+tget/xxBy5W1PAOURMPOYPTiHcTJKIMBv8cpmm29DkseBFxLluMEkhdOYd+cT/\nsJkcWksAKJFrmTAY3ztUFxJyh3uIRGiKW9FHpkXp+WPmYA/Bb6LlLjpuJH+W8ian\nA4uoRoAO7WP3mP2u2BK5v0KTBhgln0xqaj6hqvQVuFqhJvdFjfZEILRtzgXdlhUB\ndYeh8qb8livd/D0lFTCXLcInt0b/6R4=\n-----END PRIVATE KEY-----\n",
            "public_key_fingerprint_md5": "13:54:e8:5f:8f:31:f7:bc:36:84:56:6d:d0:69:cb:58",
            "public_key_fingerprint_sha256": "SHA256:/WXWmV5/xzAUaeiim39CeVP4DuF6/eBjXD5Al8k+ywc",
            "public_key_openssh": "ssh-rsa AAAAB3NzaC1yc2EAAAADAQABAAACAQC/k+ZCMkCiOp9O62twCHuQcgqiyCwSv4Vrd3/sgxb2rg+4VROHb2Tp+KNNmMjoq3Q9WR7gXU4J279DoFR6W1A7AJ0zELtp5biO1x3Le5L1VDzr1PJKnIgv02mPUjiy/lShi2jgl0iPbLXv7M932ZaKsSzcHKAJ2WSzdmyqdaBTxXh4EDVJWnubzOSGI84HE/P4EYzP/K5BG9YBqYDh/1q++ilnZ0r18hFgVgRtj9jKIAL9icOCGlYVYi8DcQfJ214A16JQUj6JvH4rozfxhafv7Nfm46B9ibeDhmD52ZShfAHbHxA1WJv75SmO25+MJDcuOYftLQpZVFF7paV7dx9NxO9CoPRjlzw+MunApIiF545M7LRKFMkbQCzxaU+uk8W/piQzolXRDrLY53fnlp9P8/y1QzaRhTPVVeqS1qGpSERAbLKoU5eMXUn/NwuXDW4Iq0xuyCQDg6DjB7zp519xOTik8n5hXTvTQkq4oStnkU9mYQKVWI5i7h+HCYm5ieD7K7F13iUkmX/s6sqgx4pgi/XVHoojvwCI6ZdKbtDYsLwyX8yr7jXwoL42LdH1/aGoJS51w7qkPwaVJZrI4mQF+djDSRUUPsH8FoUMVh1yFd2vD2QC2b4H6tij7JThYIx9hXUVusRlnaZOnNA8Ig2ZntYHp5Uh8Cv6+AtuWMkdeQ==\n",
            "public_key_pem": "-----BEGIN PUBLIC KEY-----\nMIICIjANBgkqhkiG9w0BAQEFAAOCAg8AMIICCgKCAgEAv5PmQjJAojqfTutrcAh7\nkHIKosgsEr+Fa3d/7IMW9q4PuFUTh29k6fijTZjI6Kt0PVke4F1OCdu/Q6BUeltQ\nOwCdMxC7aeW4jtcdy3uS9VQ869TySpyIL9Npj1I4sv5UoYto4JdIj2y17+zPd9mW\nirEs3BygCdlks3ZsqnWgU8V4eBA1SVp7m8zkhiPOBxPz+BGMz/yuQRvWAamA4f9a\nvvopZ2dK9fIRYFYEbY/YyiAC/YnDghpWFWIvA3EHydteANeiUFI+ibx+K6M38YWn\n7+zX5uOgfYm3g4Zg+dmUoXwB2x8QNVib++UpjtufjCQ3LjmH7S0KWVRRe6Wle3cf\nTcTvQqD0Y5c8PjLpwKSIheeOTOy0ShTJG0As8WlPrpPFv6YkM6JV0Q6y2Od355af\nT/P8tUM2kYUz1VXqktahqUhEQGyyqFOXjF1J/zcLlw1uCKtMbsgkA4Og4we86edf\ncTk4pPJ+YV0700JKuKErZ5FPZmEClViOYu4fhwmJuYng+yuxdd4lJJl/7OrKoMeK\nYIv11R6KI78AiOmXSm7Q2LC8Ml/Mq+418KC+Ni3R9f2hqCUudcO6pD8GlSWayOJk\nBfnYw0kVFD7B/BaFDFYdchXdrw9kAtm+B+rYo+yU4WCMfYV1FbrEZZ2mTpzQPCIN\nmZ7WB6eVIfAr+vgLbljJHXkCAwEAAQ==\n-----END PUBLIC KEY-----\n",
            "rsa_bits": 4096
          },
          "sensitive_attributes": [
            [
              {
                "type": "get_attr",
                "value": "private_key_pem_pkcs8"
              }
            ],
            [
              {
                "type": "get_attr",
                "value": "private_key_openssh"
              }
            ],
            [
              {
                "type": "get_attr",
                "value": "private_key_pem"
              }
            ]
          ],
          "dependencies": [
            "module.eks_iam.aws_iam_role.eks_cluster_role",
            "module.eks_iam.aws_iam_role_policy_attachment.eks_cluster_AmazonEC2ContainerRegistryReadOnly",
            "module.eks_iam.aws_iam_role_policy_attachment.eks_cluster_AmazonEKSClusterPolicy",
            "module.eks_iam.aws_iam_role_policy_attachment.eks_cluster_AmazonEKSVPCResourceController",
            "module.eks_iam.aws_iam_role_policy_attachment.eks_cluster_AmazonEKSWorkerNodePolicy",
            "module.eks_iam.aws_iam_role_policy_attachment.eks_cluster_AmazonEKS_CNI_Policy",
            "module.vpc.aws_internet_gateway.igw",
            "module.vpc.aws_route_table.public_route_table",
            "module.vpc.aws_route_table_association.public_subnet_assoc_1",
            "module.vpc.aws_route_table_association.public_subnet_assoc_2",
            "module.vpc.aws_subnet.public_subnet_1",
            "module.vpc.aws_subnet.public_subnet_2",
            "module.vpc.aws_vpc.main_vpc"
          ]
        }
      ]
    },
    {
      "module": "module.eks",
      "mode": "data",
      "type": "aws_ami",
      "name": "eks_worker",
      "provider": "provider[\"registry.terraform.io/hashicorp/aws\"]",
      "instances": [
        {
          "schema_version": 0,
          "attributes": {
            "architecture": "x86_64",
            "arn": "arn:aws:ec2:us-east-1::image/ami-04afc9289ab29be16",
            "block_device_mappings": [
              {
                "device_name": "/dev/xvda",
                "ebs": {
                  "delete_on_termination": "true",
                  "encrypted": "false",
                  "iops": "0",
                  "snapshot_id": "snap-0c58f1f5e00d91f8c",
                  "throughput": "0",
                  "volume_size": "20",
                  "volume_type": "gp2"
                },
                "no_device": "",
                "virtual_name": ""
              }
            ],
            "boot_mode": "",
            "creation_date": "2025-03-05T10:18:32.000Z",
            "deprecation_time": "2027-03-05T10:18:32.000Z",
            "description": "EKS Kubernetes Worker AMI with AmazonLinux2 image, (k8s: 1.32.1, containerd: 1.7.*)",
            "ena_support": true,
            "executable_users": null,
            "filter": [
              {
                "name": "architecture",
                "values": [
                  "x86_64"
                ]
              },
              {
                "name": "name",
                "values": [
                  "amazon-eks-node-1.*"
                ]
              }
            ],
            "hypervisor": "xen",
            "id": "ami-04afc9289ab29be16",
            "image_id": "ami-04afc9289ab29be16",
            "image_location": "amazon/amazon-eks-node-1.32-v20250304",
            "image_owner_alias": "amazon",
            "image_type": "machine",
            "imds_support": "",
            "include_deprecated": false,
            "kernel_id": "",
            "most_recent": true,
            "name": "amazon-eks-node-1.32-v20250304",
            "name_regex": null,
            "owner_id": "602401143452",
            "owners": [
              "602401143452"
            ],
            "platform": "",
            "platform_details": "Linux/UNIX",
            "product_codes": [],
            "public": true,
            "ramdisk_id": "",
            "root_device_name": "/dev/xvda",
            "root_device_type": "ebs",
            "root_snapshot_id": "snap-0c58f1f5e00d91f8c",
            "sriov_net_support": "simple",
            "state": "available",
            "state_reason": {
              "code": "UNSET",
              "message": "UNSET"
            },
            "tags": {},
            "timeouts": null,
            "tpm_support": "",
            "uefi_data": null,
            "usage_operation": "RunInstances",
            "virtualization_type": "hvm"
          },
          "sensitive_attributes": []
        }
      ]
    },
    {
      "module": "module.eks",
      "mode": "managed",
      "type": "aws_eks_cluster",
      "name": "this",
      "provider": "provider[\"registry.terraform.io/hashicorp/aws\"]",
      "instances": [
        {
          "schema_version": 1,
          "attributes": {
            "access_config": [
              {
                "authentication_mode": "CONFIG_MAP",
                "bootstrap_cluster_creator_admin_permissions": true
              }
            ],
            "arn": "arn:aws:eks:us-east-1:590184134827:cluster/task-management-cluster-atul",
            "bootstrap_self_managed_addons": true,
            "certificate_authority": [
              {
                "data": "LS0tLS1CRUdJTiBDRVJUSUZJQ0FURS0tLS0tCk1JSURCVENDQWUyZ0F3SUJBZ0lJVnRZSEFpdFFOT0V3RFFZSktvWklodmNOQVFFTEJRQXdGVEVUTUJFR0ExVUUKQXhNS2EzVmlaWEp1WlhSbGN6QWVGdzB5TlRBek1Ua3hNREk0TkRCYUZ3MHpOVEF6TVRjeE1ETXpOREJhTUJVeApFekFSQmdOVkJBTVRDbXQxWW1WeWJtVjBaWE13Z2dFaU1BMEdDU3FHU0liM0RRRUJBUVVBQTRJQkR3QXdnZ0VLCkFvSUJBUURyRzY3Mkk0bTUzUEozby80OHZnTnJmT3ZLRHlvUC8yeVNkWGVQRU1Ydll6bS9PU0p1UDhUUE44VS8KalZrVjhuYm94cE00RENZZnExQlhSMGVXU3Z6MHM4RTJ3MG5aUENBd241cnJmamF0VW5mV1pHSElZbDJSeHNQTgpsWHh4bldlaXBFSkdybE84OWdydk9MZys2N3g0QWtxcEpvd0NlTWdmT0VBU1QrcXBHMGxvMStJd2VvRHdlckFZCjMyUzNSaGlidVZFaUdDMjRNMzVWZVVXdURvVnd0dmJkWkh4RU1telNVMHhqSnhNYnhZSjhHSHdXRmFuZk5jbmEKSVFZVFVXU3IwcUI0N0xraEduV3VrWis1bXBtV3VlYjlHZ051VThpTFZtVTZGb3JNVXVvSG9ZMVh5SEx2M0FBcwp5enhJRTJuV0dyeW03VFhUNUNqc2V3QnRPS2RMQWdNQkFBR2pXVEJYTUE0R0ExVWREd0VCL3dRRUF3SUNwREFQCkJnTlZIUk1CQWY4RUJUQURBUUgvTUIwR0ExVWREZ1FXQkJUeTR4YXQ3aU1xTFN6N0RyUVF3ZzB3V3RoZVBEQVYKQmdOVkhSRUVEakFNZ2dwcmRXSmxjbTVsZEdWek1BMEdDU3FHU0liM0RRRUJDd1VBQTRJQkFRRFFhSjJuK1ZIdgpUM0Uyam9MY0RmMVVwSDdsTXR1eEh2VE5VYnE2WHgyd2d0cnp1QTNGNnJ3b2o5QVEwWTFuc0xPODk2ZXdMVkVaCnlZZ1VLdEJHK0JrVUZacFRLVHpuWlMwaG5PTnFkWW1FRkJvaWRld2hXYVduSjhETWpmcWtLUnV4aUdFZVh5MVMKeXJRWmQyazQvajlObjZMRCtIdXE0akV6Mk9Sd1hCZmtMY0U0MjNwZFRpcEZKU3FDSW1rWDIxbnZGdHIvVjZ3aQpqeHRyRjJwbXhiUjRpODR5ZjlzZ0Y1aVFGWWxYd01seGc3UkVaUWd3UHJtek4wd0d0cVZVeUJvM05tOWcyR2FaCk9qMmtKb3BuREtxcnVKL3ROS0pzTzA2T3hvTUNOTS9oZ2ZmQ2lhSlpSazVzYXFsZTJ0VU5rQ3M5OTF0VG8vZ3YKL3ZSdDEzSVArYmhUCi0tLS0tRU5EIENFUlRJRklDQVRFLS0tLS0K"
              }
            ],
            "cluster_id": null,
            "compute_config": [],
            "created_at": "2025-03-19T10:29:10Z",
            "enabled_cluster_log_types": null,
            "encryption_config": [],
            "endpoint": "https://9AD65131CFE82BEF8D28288332C26349.gr7.us-east-1.eks.amazonaws.com",
            "id": "task-management-cluster-atul",
            "identity": [
              {
                "oidc": [
                  {
                    "issuer": "https://oidc.eks.us-east-1.amazonaws.com/id/9AD65131CFE82BEF8D28288332C26349"
                  }
                ]
              }
            ],
            "kubernetes_network_config": [
              {
                "elastic_load_balancing": [
                  {
                    "enabled": false
                  }
                ],
                "ip_family": "ipv4",
                "service_ipv4_cidr": "172.20.0.0/16",
                "service_ipv6_cidr": ""
              }
            ],
            "name": "task-management-cluster-atul",
            "outpost_config": [],
            "platform_version": "eks.5",
            "remote_network_config": [],
            "role_arn": "arn:aws:iam::590184134827:role/eks-cluster-role",
            "status": "ACTIVE",
            "storage_config": [],
            "tags": {
              "Env": "dev",
              "Name": "task-management-cluster-atul-eks-cluster",
              "Owner": "atul.pandey@talentica.com",
              "System": "CloudOps"
            },
            "tags_all": {
              "Env": "dev",
              "Name": "task-management-cluster-atul-eks-cluster",
              "Owner": "atul.pandey@talentica.com",
              "System": "CloudOps"
            },
            "timeouts": null,
            "upgrade_policy": [
              {
                "support_type": "EXTENDED"
              }
            ],
            "version": "1.32",
            "vpc_config": [
              {
                "cluster_security_group_id": "sg-0d3e63edef00ec4b0",
                "endpoint_private_access": false,
                "endpoint_public_access": true,
                "public_access_cidrs": [
                  "0.0.0.0/0"
                ],
                "security_group_ids": [
                  "sg-070041e19200edbe6"
                ],
                "subnet_ids": [
                  "subnet-084e9d9a5dff3fb90",
                  "subnet-090536b2e845270d5"
                ],
                "vpc_id": "vpc-055727f7b18bb1c7a"
              }
            ],
            "zonal_shift_config": []
          },
          "sensitive_attributes": [],
          "private": "eyJlMmJmYjczMC1lY2FhLTExZTYtOGY4OC0zNDM2M2JjN2M0YzAiOnsiY3JlYXRlIjoxODAwMDAwMDAwMDAwLCJkZWxldGUiOjkwMDAwMDAwMDAwMCwidXBkYXRlIjozNjAwMDAwMDAwMDAwfSwic2NoZW1hX3ZlcnNpb24iOiIxIn0=",
          "dependencies": [
            "aws_key_pair.eks_key",
            "local_file.eks_node_private_key",
            "module.eks.aws_security_group.eks_control_plane",
            "module.eks.aws_security_group.eks_worker_nodes",
            "module.eks_iam.aws_iam_role.eks_cluster_role",
            "module.eks_iam.aws_iam_role_policy_attachment.eks_cluster_AmazonEC2ContainerRegistryReadOnly",
            "module.eks_iam.aws_iam_role_policy_attachment.eks_cluster_AmazonEKSClusterPolicy",
            "module.eks_iam.aws_iam_role_policy_attachment.eks_cluster_AmazonEKSVPCResourceController",
            "module.eks_iam.aws_iam_role_policy_attachment.eks_cluster_AmazonEKSWorkerNodePolicy",
            "module.eks_iam.aws_iam_role_policy_attachment.eks_cluster_AmazonEKS_CNI_Policy",
            "module.vpc.aws_internet_gateway.igw",
            "module.vpc.aws_route_table.public_route_table",
            "module.vpc.aws_route_table_association.public_subnet_assoc_1",
            "module.vpc.aws_route_table_association.public_subnet_assoc_2",
            "module.vpc.aws_subnet.public_subnet_1",
            "module.vpc.aws_subnet.public_subnet_2",
            "module.vpc.aws_vpc.main_vpc",
            "tls_private_key.eks_node_key"
          ]
        }
      ]
    },
    {
      "module": "module.eks",
      "mode": "managed",
      "type": "aws_eks_node_group",
      "name": "this",
      "provider": "provider[\"registry.terraform.io/hashicorp/aws\"]",
      "instances": [
        {
          "schema_version": 0,
          "attributes": {
            "ami_type": "CUSTOM",
            "arn": "arn:aws:eks:us-east-1:590184134827:nodegroup/task-management-cluster-atul/task-management-cluster-atul-node-group/8acad6fc-7e29-d564-e17b-dfde80acb18b",
            "capacity_type": "ON_DEMAND",
            "cluster_name": "task-management-cluster-atul",
            "disk_size": 0,
            "force_update_version": null,
            "id": "task-management-cluster-atul:task-management-cluster-atul-node-group",
            "instance_types": [],
            "labels": null,
            "launch_template": [
              {
                "id": "lt-0680645fd0e679bb2",
                "name": "task-management-cluster-atul-node-20250319102901594100000007",
                "version": "1"
              }
            ],
            "node_group_name": "task-management-cluster-atul-node-group",
            "node_group_name_prefix": "",
            "node_repair_config": [],
            "node_role_arn": "arn:aws:iam::590184134827:role/eks-cluster-role",
            "release_version": "ami-04afc9289ab29be16",
            "remote_access": [],
            "resources": [
              {
                "autoscaling_groups": [
                  {
                    "name": "eks-task-management-cluster-atul-node-group-8acad6fc-7e29-d564-e17b-dfde80acb18b"
                  }
                ],
                "remote_access_security_group_id": ""
              }
            ],
            "scaling_config": [
              {
                "desired_size": 2,
                "max_size": 2,
                "min_size": 2
              }
            ],
            "status": "ACTIVE",
            "subnet_ids": [
              "subnet-084e9d9a5dff3fb90",
              "subnet-090536b2e845270d5"
            ],
            "tags": {
              "Env": "dev",
              "Name": "task-management-cluster-atul-node-group",
              "Owner": "atul.pandey@talentica.com",
              "System": "CloudOps"
            },
            "tags_all": {
              "Env": "dev",
              "Name": "task-management-cluster-atul-node-group",
              "Owner": "atul.pandey@talentica.com",
              "System": "CloudOps"
            },
            "taint": [],
            "timeouts": null,
            "update_config": [
              {
                "max_unavailable": 1,
                "max_unavailable_percentage": 0
              }
            ],
            "version": "1.32"
          },
          "sensitive_attributes": [],
          "private": "eyJlMmJmYjczMC1lY2FhLTExZTYtOGY4OC0zNDM2M2JjN2M0YzAiOnsiY3JlYXRlIjozNjAwMDAwMDAwMDAwLCJkZWxldGUiOjM2MDAwMDAwMDAwMDAsInVwZGF0ZSI6MzYwMDAwMDAwMDAwMH19",
          "dependencies": [
            "aws_key_pair.eks_key",
            "local_file.eks_node_private_key",
            "module.eks.aws_eks_cluster.this",
            "module.eks.aws_launch_template.node_group_lt",
            "module.eks.aws_security_group.eks_control_plane",
            "module.eks.aws_security_group.eks_worker_nodes",
            "module.eks.data.aws_ami.eks_worker",
            "module.eks_iam.aws_iam_role.eks_cluster_role",
            "module.eks_iam.aws_iam_role_policy_attachment.eks_cluster_AmazonEC2ContainerRegistryReadOnly",
            "module.eks_iam.aws_iam_role_policy_attachment.eks_cluster_AmazonEKSClusterPolicy",
            "module.eks_iam.aws_iam_role_policy_attachment.eks_cluster_AmazonEKSVPCResourceController",
            "module.eks_iam.aws_iam_role_policy_attachment.eks_cluster_AmazonEKSWorkerNodePolicy",
            "module.eks_iam.aws_iam_role_policy_attachment.eks_cluster_AmazonEKS_CNI_Policy",
            "module.vpc.aws_internet_gateway.igw",
            "module.vpc.aws_route_table.public_route_table",
            "module.vpc.aws_route_table_association.public_subnet_assoc_1",
            "module.vpc.aws_route_table_association.public_subnet_assoc_2",
            "module.vpc.aws_subnet.public_subnet_1",
            "module.vpc.aws_subnet.public_subnet_2",
            "module.vpc.aws_vpc.main_vpc",
            "tls_private_key.eks_node_key"
          ]
        }
      ]
    },
    {
      "module": "module.eks",
      "mode": "managed",
      "type": "aws_launch_template",
      "name": "node_group_lt",
      "provider": "provider[\"registry.terraform.io/hashicorp/aws\"]",
      "instances": [
        {
          "schema_version": 0,
          "attributes": {
            "arn": "arn:aws:ec2:us-east-1:590184134827:launch-template/lt-0680645fd0e679bb2",
            "block_device_mappings": [
              {
                "device_name": "/dev/xvda",
                "ebs": [
                  {
                    "delete_on_termination": "",
                    "encrypted": "",
                    "iops": 0,
                    "kms_key_id": "",
                    "snapshot_id": "",
                    "throughput": 0,
                    "volume_size": 20,
                    "volume_type": "gp3"
                  }
                ],
                "no_device": "",
                "virtual_name": ""
              }
            ],
            "capacity_reservation_specification": [],
            "cpu_options": [],
            "credit_specification": [],
            "default_version": 1,
            "description": "",
            "disable_api_stop": false,
            "disable_api_termination": false,
            "ebs_optimized": "",
            "elastic_gpu_specifications": [],
            "elastic_inference_accelerator": [],
            "enclave_options": [],
            "hibernation_options": [],
            "iam_instance_profile": [],
            "id": "lt-0680645fd0e679bb2",
            "image_id": "ami-04afc9289ab29be16",
            "instance_initiated_shutdown_behavior": "",
            "instance_market_options": [],
            "instance_requirements": [],
            "instance_type": "t3.medium",
            "kernel_id": "",
            "key_name": "eks-node-key",
            "latest_version": 1,
            "license_specification": [],
            "maintenance_options": [],
            "metadata_options": [],
            "monitoring": [],
            "name": "task-management-cluster-atul-node-20250319102901594100000007",
            "name_prefix": "task-management-cluster-atul-node-",
            "network_interfaces": [],
            "placement": [],
            "private_dns_name_options": [],
            "ram_disk_id": "",
            "security_group_names": null,
            "tag_specifications": [
              {
                "resource_type": "instance",
                "tags": {
                  "Env": "dev",
                  "Name": "task-management-cluster-atul-worker-node",
                  "Owner": "atul.pandey@talentica.com",
                  "System": "CloudOps"
                }
              }
            ],
            "tags": null,
            "tags_all": {},
            "update_default_version": null,
            "user_data": "IyEvYmluL2Jhc2gKc2V0IC1vIHh0cmFjZQovZXRjL2Vrcy9ib290c3RyYXAuc2ggdGFzay1tYW5hZ2VtZW50LWNsdXN0ZXItYXR1bCAtLWt1YmVsZXQtZXh0cmEtYXJncyAnLS1ub2RlLWxhYmVscz1yb2xlPXdvcmtlcicK",
            "vpc_security_group_ids": null
          },
          "sensitive_attributes": [],
          "private": "bnVsbA==",
          "dependencies": [
            "aws_key_pair.eks_key",
            "local_file.eks_node_private_key",
            "module.eks.data.aws_ami.eks_worker",
            "module.eks_iam.aws_iam_role.eks_cluster_role",
            "module.eks_iam.aws_iam_role_policy_attachment.eks_cluster_AmazonEC2ContainerRegistryReadOnly",
            "module.eks_iam.aws_iam_role_policy_attachment.eks_cluster_AmazonEKSClusterPolicy",
            "module.eks_iam.aws_iam_role_policy_attachment.eks_cluster_AmazonEKSVPCResourceController",
            "module.eks_iam.aws_iam_role_policy_attachment.eks_cluster_AmazonEKSWorkerNodePolicy",
            "module.eks_iam.aws_iam_role_policy_attachment.eks_cluster_AmazonEKS_CNI_Policy",
            "module.vpc.aws_internet_gateway.igw",
            "module.vpc.aws_route_table.public_route_table",
            "module.vpc.aws_route_table_association.public_subnet_assoc_1",
            "module.vpc.aws_route_table_association.public_subnet_assoc_2",
            "module.vpc.aws_subnet.public_subnet_1",
            "module.vpc.aws_subnet.public_subnet_2",
            "module.vpc.aws_vpc.main_vpc",
            "tls_private_key.eks_node_key"
          ]
        }
      ]
    },
    {
      "module": "module.eks",
      "mode": "managed",
      "type": "aws_security_group",
      "name": "eks_control_plane",
      "provider": "provider[\"registry.terraform.io/hashicorp/aws\"]",
      "instances": [
        {
          "schema_version": 1,
          "attributes": {
            "arn": "arn:aws:ec2:us-east-1:590184134827:security-group/sg-070041e19200edbe6",
            "description": "EKS Control Plane Security Group",
            "egress": [
              {
                "cidr_blocks": [
                  "0.0.0.0/0"
                ],
                "description": "Allow outbound traffic",
                "from_port": 0,
                "ipv6_cidr_blocks": [],
                "prefix_list_ids": [],
                "protocol": "-1",
                "security_groups": [],
                "self": false,
                "to_port": 0
              }
            ],
            "id": "sg-070041e19200edbe6",
            "ingress": [
              {
                "cidr_blocks": [],
                "description": "Allow worker nodes to communicate with EKS",
                "from_port": 443,
                "ipv6_cidr_blocks": [],
                "prefix_list_ids": [],
                "protocol": "tcp",
                "security_groups": [
                  "sg-03f71374147e05598"
                ],
                "self": false,
                "to_port": 443
              }
            ],
            "name": "task-management-cluster-atul-control-plane",
            "name_prefix": "",
            "owner_id": "590184134827",
            "revoke_rules_on_delete": false,
            "tags": null,
            "tags_all": {},
            "timeouts": null,
            "vpc_id": "vpc-055727f7b18bb1c7a"
          },
          "sensitive_attributes": [],
          "private": "eyJlMmJmYjczMC1lY2FhLTExZTYtOGY4OC0zNDM2M2JjN2M0YzAiOnsiY3JlYXRlIjo2MDAwMDAwMDAwMDAsImRlbGV0ZSI6OTAwMDAwMDAwMDAwfSwic2NoZW1hX3ZlcnNpb24iOiIxIn0=",
          "dependencies": [
            "aws_key_pair.eks_key",
            "local_file.eks_node_private_key",
            "module.eks.aws_security_group.eks_worker_nodes",
            "module.eks_iam.aws_iam_role.eks_cluster_role",
            "module.eks_iam.aws_iam_role_policy_attachment.eks_cluster_AmazonEC2ContainerRegistryReadOnly",
            "module.eks_iam.aws_iam_role_policy_attachment.eks_cluster_AmazonEKSClusterPolicy",
            "module.eks_iam.aws_iam_role_policy_attachment.eks_cluster_AmazonEKSVPCResourceController",
            "module.eks_iam.aws_iam_role_policy_attachment.eks_cluster_AmazonEKSWorkerNodePolicy",
            "module.eks_iam.aws_iam_role_policy_attachment.eks_cluster_AmazonEKS_CNI_Policy",
            "module.vpc.aws_internet_gateway.igw",
            "module.vpc.aws_route_table.public_route_table",
            "module.vpc.aws_route_table_association.public_subnet_assoc_1",
            "module.vpc.aws_route_table_association.public_subnet_assoc_2",
            "module.vpc.aws_subnet.public_subnet_1",
            "module.vpc.aws_subnet.public_subnet_2",
            "module.vpc.aws_vpc.main_vpc",
            "tls_private_key.eks_node_key"
          ]
        }
      ]
    },
    {
      "module": "module.eks",
      "mode": "managed",
      "type": "aws_security_group",
      "name": "eks_worker_nodes",
      "provider": "provider[\"registry.terraform.io/hashicorp/aws\"]",
      "instances": [
        {
          "schema_version": 1,
          "attributes": {
            "arn": "arn:aws:ec2:us-east-1:590184134827:security-group/sg-03f71374147e05598",
            "description": "Security group for EKS worker nodes",
            "egress": [
              {
                "cidr_blocks": [
                  "0.0.0.0/0"
                ],
                "description": "Allow all outbound traffic",
                "from_port": 0,
                "ipv6_cidr_blocks": [],
                "prefix_list_ids": [],
                "protocol": "-1",
                "security_groups": [],
                "self": false,
                "to_port": 0
              }
            ],
            "id": "sg-03f71374147e05598",
            "ingress": [
              {
                "cidr_blocks": [],
                "description": "Allow all traffic between worker nodes",
                "from_port": 0,
                "ipv6_cidr_blocks": [],
                "prefix_list_ids": [],
                "protocol": "-1",
                "security_groups": [],
                "self": true,
                "to_port": 0
              }
            ],
            "name": "task-management-cluster-atul-worker-nodes",
            "name_prefix": "",
            "owner_id": "590184134827",
            "revoke_rules_on_delete": false,
            "tags": null,
            "tags_all": {},
            "timeouts": null,
            "vpc_id": "vpc-055727f7b18bb1c7a"
          },
          "sensitive_attributes": [],
          "private": "eyJlMmJmYjczMC1lY2FhLTExZTYtOGY4OC0zNDM2M2JjN2M0YzAiOnsiY3JlYXRlIjo2MDAwMDAwMDAwMDAsImRlbGV0ZSI6OTAwMDAwMDAwMDAwfSwic2NoZW1hX3ZlcnNpb24iOiIxIn0=",
          "dependencies": [
            "aws_key_pair.eks_key",
            "local_file.eks_node_private_key",
            "module.eks_iam.aws_iam_role.eks_cluster_role",
            "module.eks_iam.aws_iam_role_policy_attachment.eks_cluster_AmazonEC2ContainerRegistryReadOnly",
            "module.eks_iam.aws_iam_role_policy_attachment.eks_cluster_AmazonEKSClusterPolicy",
            "module.eks_iam.aws_iam_role_policy_attachment.eks_cluster_AmazonEKSVPCResourceController",
            "module.eks_iam.aws_iam_role_policy_attachment.eks_cluster_AmazonEKSWorkerNodePolicy",
            "module.eks_iam.aws_iam_role_policy_attachment.eks_cluster_AmazonEKS_CNI_Policy",
            "module.vpc.aws_internet_gateway.igw",
            "module.vpc.aws_route_table.public_route_table",
            "module.vpc.aws_route_table_association.public_subnet_assoc_1",
            "module.vpc.aws_route_table_association.public_subnet_assoc_2",
            "module.vpc.aws_subnet.public_subnet_1",
            "module.vpc.aws_subnet.public_subnet_2",
            "module.vpc.aws_vpc.main_vpc",
            "tls_private_key.eks_node_key"
          ]
        }
      ]
    },
    {
      "module": "module.eks_iam",
      "mode": "managed",
      "type": "aws_iam_role",
      "name": "eks_cluster_role",
      "provider": "provider[\"registry.terraform.io/hashicorp/aws\"]",
      "instances": [
        {
          "schema_version": 0,
          "attributes": {
            "arn": "arn:aws:iam::590184134827:role/eks-cluster-role",
            "assume_role_policy": "{\"Statement\":[{\"Action\":\"sts:AssumeRole\",\"Effect\":\"Allow\",\"Principal\":{\"Service\":[\"eks.amazonaws.com\",\"ec2.amazonaws.com\"]}}],\"Version\":\"2012-10-17\"}",
            "create_date": "2025-03-19T10:28:50Z",
            "description": "",
            "force_detach_policies": false,
            "id": "eks-cluster-role",
            "inline_policy": [],
            "managed_policy_arns": [],
            "max_session_duration": 3600,
            "name": "eks-cluster-role",
            "name_prefix": "",
            "path": "/",
            "permissions_boundary": "",
            "tags": {
              "Env": "dev",
              "Owner": "atul.pandey@talentica.com",
              "System": "CloudOps"
            },
            "tags_all": {
              "Env": "dev",
              "Owner": "atul.pandey@talentica.com",
              "System": "CloudOps"
            },
            "unique_id": "AROAYS2NXHCV7KPB7HGDU"
          },
          "sensitive_attributes": [],
          "private": "bnVsbA==",
          "dependencies": [
            "module.vpc.aws_internet_gateway.igw",
            "module.vpc.aws_route_table.public_route_table",
            "module.vpc.aws_route_table_association.public_subnet_assoc_1",
            "module.vpc.aws_route_table_association.public_subnet_assoc_2",
            "module.vpc.aws_subnet.public_subnet_1",
            "module.vpc.aws_subnet.public_subnet_2",
            "module.vpc.aws_vpc.main_vpc"
          ]
        }
      ]
    },
    {
      "module": "module.eks_iam",
      "mode": "managed",
      "type": "aws_iam_role_policy_attachment",
      "name": "eks_cluster_AmazonEC2ContainerRegistryReadOnly",
      "provider": "provider[\"registry.terraform.io/hashicorp/aws\"]",
      "instances": [
        {
          "schema_version": 0,
          "attributes": {
            "id": "eks-cluster-role-20250319102852047000000002",
            "policy_arn": "arn:aws:iam::aws:policy/AmazonEC2ContainerRegistryReadOnly",
            "role": "eks-cluster-role"
          },
          "sensitive_attributes": [],
          "private": "bnVsbA==",
          "dependencies": [
            "module.eks_iam.aws_iam_role.eks_cluster_role",
            "module.vpc.aws_internet_gateway.igw",
            "module.vpc.aws_route_table.public_route_table",
            "module.vpc.aws_route_table_association.public_subnet_assoc_1",
            "module.vpc.aws_route_table_association.public_subnet_assoc_2",
            "module.vpc.aws_subnet.public_subnet_1",
            "module.vpc.aws_subnet.public_subnet_2",
            "module.vpc.aws_vpc.main_vpc"
          ]
        }
      ]
    },
    {
      "module": "module.eks_iam",
      "mode": "managed",
      "type": "aws_iam_role_policy_attachment",
      "name": "eks_cluster_AmazonEKSClusterPolicy",
      "provider": "provider[\"registry.terraform.io/hashicorp/aws\"]",
      "instances": [
        {
          "schema_version": 0,
          "attributes": {
            "id": "eks-cluster-role-20250319102852549500000004",
            "policy_arn": "arn:aws:iam::aws:policy/AmazonEKSClusterPolicy",
            "role": "eks-cluster-role"
          },
          "sensitive_attributes": [],
          "private": "bnVsbA==",
          "dependencies": [
            "module.eks_iam.aws_iam_role.eks_cluster_role",
            "module.vpc.aws_internet_gateway.igw",
            "module.vpc.aws_route_table.public_route_table",
            "module.vpc.aws_route_table_association.public_subnet_assoc_1",
            "module.vpc.aws_route_table_association.public_subnet_assoc_2",
            "module.vpc.aws_subnet.public_subnet_1",
            "module.vpc.aws_subnet.public_subnet_2",
            "module.vpc.aws_vpc.main_vpc"
          ]
        }
      ]
    },
    {
      "module": "module.eks_iam",
      "mode": "managed",
      "type": "aws_iam_role_policy_attachment",
      "name": "eks_cluster_AmazonEKSVPCResourceController",
      "provider": "provider[\"registry.terraform.io/hashicorp/aws\"]",
      "instances": [
        {
          "schema_version": 0,
          "attributes": {
            "id": "eks-cluster-role-20250319102852670100000005",
            "policy_arn": "arn:aws:iam::aws:policy/AmazonEKSVPCResourceController",
            "role": "eks-cluster-role"
          },
          "sensitive_attributes": [],
          "private": "bnVsbA==",
          "dependencies": [
            "module.eks_iam.aws_iam_role.eks_cluster_role",
            "module.vpc.aws_internet_gateway.igw",
            "module.vpc.aws_route_table.public_route_table",
            "module.vpc.aws_route_table_association.public_subnet_assoc_1",
            "module.vpc.aws_route_table_association.public_subnet_assoc_2",
            "module.vpc.aws_subnet.public_subnet_1",
            "module.vpc.aws_subnet.public_subnet_2",
            "module.vpc.aws_vpc.main_vpc"
          ]
        }
      ]
    },
    {
      "module": "module.eks_iam",
      "mode": "managed",
      "type": "aws_iam_role_policy_attachment",
      "name": "eks_cluster_AmazonEKSWorkerNodePolicy",
      "provider": "provider[\"registry.terraform.io/hashicorp/aws\"]",
      "instances": [
        {
          "schema_version": 0,
          "attributes": {
            "id": "eks-cluster-role-20250319102852697800000006",
            "policy_arn": "arn:aws:iam::aws:policy/AmazonEKSWorkerNodePolicy",
            "role": "eks-cluster-role"
          },
          "sensitive_attributes": [],
          "private": "bnVsbA==",
          "dependencies": [
            "module.eks_iam.aws_iam_role.eks_cluster_role",
            "module.vpc.aws_internet_gateway.igw",
            "module.vpc.aws_route_table.public_route_table",
            "module.vpc.aws_route_table_association.public_subnet_assoc_1",
            "module.vpc.aws_route_table_association.public_subnet_assoc_2",
            "module.vpc.aws_subnet.public_subnet_1",
            "module.vpc.aws_subnet.public_subnet_2",
            "module.vpc.aws_vpc.main_vpc"
          ]
        }
      ]
    },
    {
      "module": "module.eks_iam",
      "mode": "managed",
      "type": "aws_iam_role_policy_attachment",
      "name": "eks_cluster_AmazonEKS_CNI_Policy",
      "provider": "provider[\"registry.terraform.io/hashicorp/aws\"]",
      "instances": [
        {
          "schema_version": 0,
          "attributes": {
            "id": "eks-cluster-role-20250319102852303700000003",
            "policy_arn": "arn:aws:iam::aws:policy/AmazonEKS_CNI_Policy",
            "role": "eks-cluster-role"
          },
          "sensitive_attributes": [],
          "private": "bnVsbA==",
          "dependencies": [
            "module.eks_iam.aws_iam_role.eks_cluster_role",
            "module.vpc.aws_internet_gateway.igw",
            "module.vpc.aws_route_table.public_route_table",
            "module.vpc.aws_route_table_association.public_subnet_assoc_1",
            "module.vpc.aws_route_table_association.public_subnet_assoc_2",
            "module.vpc.aws_subnet.public_subnet_1",
            "module.vpc.aws_subnet.public_subnet_2",
            "module.vpc.aws_vpc.main_vpc"
          ]
        }
      ]
    },
    {
      "module": "module.vpc",
      "mode": "managed",
      "type": "aws_internet_gateway",
      "name": "igw",
      "provider": "provider[\"registry.terraform.io/hashicorp/aws\"]",
      "instances": [
        {
          "schema_version": 0,
          "attributes": {
            "arn": "arn:aws:ec2:us-east-1:590184134827:internet-gateway/igw-0d281b518db3da0ec",
            "id": "igw-0d281b518db3da0ec",
            "owner_id": "590184134827",
            "tags": {
              "Env": "dev",
              "Name": "task-mgmt-vpc-igw",
              "Owner": "atul.pandey@talentica.com",
              "System": "CloudOps"
            },
            "tags_all": {
              "Env": "dev",
              "Name": "task-mgmt-vpc-igw",
              "Owner": "atul.pandey@talentica.com",
              "System": "CloudOps"
            },
            "timeouts": null,
            "vpc_id": "vpc-055727f7b18bb1c7a"
          },
          "sensitive_attributes": [],
          "private": "eyJlMmJmYjczMC1lY2FhLTExZTYtOGY4OC0zNDM2M2JjN2M0YzAiOnsiY3JlYXRlIjoxMjAwMDAwMDAwMDAwLCJkZWxldGUiOjEyMDAwMDAwMDAwMDAsInVwZGF0ZSI6MTIwMDAwMDAwMDAwMH19",
          "dependencies": [
            "module.vpc.aws_vpc.main_vpc"
          ]
        }
      ]
    },
    {
      "module": "module.vpc",
      "mode": "managed",
      "type": "aws_route_table",
      "name": "public_route_table",
      "provider": "provider[\"registry.terraform.io/hashicorp/aws\"]",
      "instances": [
        {
          "schema_version": 0,
          "attributes": {
            "arn": "arn:aws:ec2:us-east-1:590184134827:route-table/rtb-042d1a3dcf43d1869",
            "id": "rtb-042d1a3dcf43d1869",
            "owner_id": "590184134827",
            "propagating_vgws": [],
            "route": [
              {
                "carrier_gateway_id": "",
                "cidr_block": "0.0.0.0/0",
                "core_network_arn": "",
                "destination_prefix_list_id": "",
                "egress_only_gateway_id": "",
                "gateway_id": "igw-0d281b518db3da0ec",
                "ipv6_cidr_block": "",
                "local_gateway_id": "",
                "nat_gateway_id": "",
                "network_interface_id": "",
                "transit_gateway_id": "",
                "vpc_endpoint_id": "",
                "vpc_peering_connection_id": ""
              }
            ],
            "tags": {
              "Env": "dev",
              "Name": "task-mgmt-vpc-public-rt",
              "Owner": "atul.pandey@talentica.com",
              "System": "CloudOps"
            },
            "tags_all": {
              "Env": "dev",
              "Name": "task-mgmt-vpc-public-rt",
              "Owner": "atul.pandey@talentica.com",
              "System": "CloudOps"
            },
            "timeouts": null,
            "vpc_id": "vpc-055727f7b18bb1c7a"
          },
          "sensitive_attributes": [],
          "private": "eyJlMmJmYjczMC1lY2FhLTExZTYtOGY4OC0zNDM2M2JjN2M0YzAiOnsiY3JlYXRlIjozMDAwMDAwMDAwMDAsImRlbGV0ZSI6MzAwMDAwMDAwMDAwLCJ1cGRhdGUiOjEyMDAwMDAwMDAwMH19",
          "dependencies": [
            "module.vpc.aws_internet_gateway.igw",
            "module.vpc.aws_vpc.main_vpc"
          ]
        }
      ]
    },
    {
      "module": "module.vpc",
      "mode": "managed",
      "type": "aws_route_table_association",
      "name": "public_subnet_assoc_1",
      "provider": "provider[\"registry.terraform.io/hashicorp/aws\"]",
      "instances": [
        {
          "schema_version": 0,
          "attributes": {
            "gateway_id": "",
            "id": "rtbassoc-094c6c3eebb14a11c",
            "route_table_id": "rtb-042d1a3dcf43d1869",
            "subnet_id": "subnet-084e9d9a5dff3fb90",
            "timeouts": null
          },
          "sensitive_attributes": [],
          "private": "eyJlMmJmYjczMC1lY2FhLTExZTYtOGY4OC0zNDM2M2JjN2M0YzAiOnsiY3JlYXRlIjozMDAwMDAwMDAwMDAsImRlbGV0ZSI6MzAwMDAwMDAwMDAwLCJ1cGRhdGUiOjEyMDAwMDAwMDAwMH19",
          "dependencies": [
            "module.vpc.aws_internet_gateway.igw",
            "module.vpc.aws_route_table.public_route_table",
            "module.vpc.aws_subnet.public_subnet_1",
            "module.vpc.aws_vpc.main_vpc"
          ]
        }
      ]
    },
    {
      "module": "module.vpc",
      "mode": "managed",
      "type": "aws_route_table_association",
      "name": "public_subnet_assoc_2",
      "provider": "provider[\"registry.terraform.io/hashicorp/aws\"]",
      "instances": [
        {
          "schema_version": 0,
          "attributes": {
            "gateway_id": "",
            "id": "rtbassoc-0c3c1efa9baea45f1",
            "route_table_id": "rtb-042d1a3dcf43d1869",
            "subnet_id": "subnet-090536b2e845270d5",
            "timeouts": null
          },
          "sensitive_attributes": [],
          "private": "eyJlMmJmYjczMC1lY2FhLTExZTYtOGY4OC0zNDM2M2JjN2M0YzAiOnsiY3JlYXRlIjozMDAwMDAwMDAwMDAsImRlbGV0ZSI6MzAwMDAwMDAwMDAwLCJ1cGRhdGUiOjEyMDAwMDAwMDAwMH19",
          "dependencies": [
            "module.vpc.aws_internet_gateway.igw",
            "module.vpc.aws_route_table.public_route_table",
            "module.vpc.aws_subnet.public_subnet_2",
            "module.vpc.aws_vpc.main_vpc"
          ]
        }
      ]
    },
    {
      "module": "module.vpc",
      "mode": "managed",
      "type": "aws_subnet",
      "name": "public_subnet_1",
      "provider": "provider[\"registry.terraform.io/hashicorp/aws\"]",
      "instances": [
        {
          "schema_version": 1,
          "attributes": {
            "arn": "arn:aws:ec2:us-east-1:590184134827:subnet/subnet-084e9d9a5dff3fb90",
            "assign_ipv6_address_on_creation": false,
            "availability_zone": "us-east-1a",
            "availability_zone_id": "use1-az1",
            "cidr_block": "10.0.101.0/24",
            "customer_owned_ipv4_pool": "",
            "enable_dns64": false,
            "enable_lni_at_device_index": 0,
            "enable_resource_name_dns_a_record_on_launch": false,
            "enable_resource_name_dns_aaaa_record_on_launch": false,
            "id": "subnet-084e9d9a5dff3fb90",
            "ipv6_cidr_block": "",
            "ipv6_cidr_block_association_id": "",
            "ipv6_native": false,
            "map_customer_owned_ip_on_launch": false,
            "map_public_ip_on_launch": true,
            "outpost_arn": "",
            "owner_id": "590184134827",
            "private_dns_hostname_type_on_launch": "ip-name",
            "tags": {
              "Env": "dev",
              "Name": "task-mgmt-vpc-public-subnet-1",
              "Owner": "atul.pandey@talentica.com",
              "System": "CloudOps",
              "kubernetes.io/cluster/task-management-cluster-atul": "owned",
              "kubernetes.io/role/elb": "1"
            },
            "tags_all": {
              "Env": "dev",
              "Name": "task-mgmt-vpc-public-subnet-1",
              "Owner": "atul.pandey@talentica.com",
              "System": "CloudOps",
              "kubernetes.io/cluster/task-management-cluster-atul": "owned",
              "kubernetes.io/role/elb": "1"
            },
            "timeouts": null,
            "vpc_id": "vpc-055727f7b18bb1c7a"
          },
          "sensitive_attributes": [],
          "private": "eyJlMmJmYjczMC1lY2FhLTExZTYtOGY4OC0zNDM2M2JjN2M0YzAiOnsiY3JlYXRlIjo2MDAwMDAwMDAwMDAsImRlbGV0ZSI6MTIwMDAwMDAwMDAwMH0sInNjaGVtYV92ZXJzaW9uIjoiMSJ9",
          "dependencies": [
            "module.vpc.aws_vpc.main_vpc"
          ]
        }
      ]
    },
    {
      "module": "module.vpc",
      "mode": "managed",
      "type": "aws_subnet",
      "name": "public_subnet_2",
      "provider": "provider[\"registry.terraform.io/hashicorp/aws\"]",
      "instances": [
        {
          "schema_version": 1,
          "attributes": {
            "arn": "arn:aws:ec2:us-east-1:590184134827:subnet/subnet-090536b2e845270d5",
            "assign_ipv6_address_on_creation": false,
            "availability_zone": "us-east-1b",
            "availability_zone_id": "use1-az2",
            "cidr_block": "10.0.102.0/24",
            "customer_owned_ipv4_pool": "",
            "enable_dns64": false,
            "enable_lni_at_device_index": 0,
            "enable_resource_name_dns_a_record_on_launch": false,
            "enable_resource_name_dns_aaaa_record_on_launch": false,
            "id": "subnet-090536b2e845270d5",
            "ipv6_cidr_block": "",
            "ipv6_cidr_block_association_id": "",
            "ipv6_native": false,
            "map_customer_owned_ip_on_launch": false,
            "map_public_ip_on_launch": true,
            "outpost_arn": "",
            "owner_id": "590184134827",
            "private_dns_hostname_type_on_launch": "ip-name",
            "tags": {
              "Env": "dev",
              "Name": "task-mgmt-vpc-public-subnet-2",
              "Owner": "atul.pandey@talentica.com",
              "System": "CloudOps",
              "kubernetes.io/cluster/task-management-cluster-atul": "owned",
              "kubernetes.io/role/elb": "1"
            },
            "tags_all": {
              "Env": "dev",
              "Name": "task-mgmt-vpc-public-subnet-2",
              "Owner": "atul.pandey@talentica.com",
              "System": "CloudOps",
              "kubernetes.io/cluster/task-management-cluster-atul": "owned",
              "kubernetes.io/role/elb": "1"
            },
            "timeouts": null,
            "vpc_id": "vpc-055727f7b18bb1c7a"
          },
          "sensitive_attributes": [],
          "private": "eyJlMmJmYjczMC1lY2FhLTExZTYtOGY4OC0zNDM2M2JjN2M0YzAiOnsiY3JlYXRlIjo2MDAwMDAwMDAwMDAsImRlbGV0ZSI6MTIwMDAwMDAwMDAwMH0sInNjaGVtYV92ZXJzaW9uIjoiMSJ9",
          "dependencies": [
            "module.vpc.aws_vpc.main_vpc"
          ]
        }
      ]
    },
    {
      "module": "module.vpc",
      "mode": "managed",
      "type": "aws_vpc",
      "name": "main_vpc",
      "provider": "provider[\"registry.terraform.io/hashicorp/aws\"]",
      "instances": [
        {
          "schema_version": 1,
          "attributes": {
            "arn": "arn:aws:ec2:us-east-1:590184134827:vpc/vpc-055727f7b18bb1c7a",
            "assign_generated_ipv6_cidr_block": false,
            "cidr_block": "10.0.0.0/16",
            "default_network_acl_id": "acl-0b80eaba7ef44838d",
            "default_route_table_id": "rtb-062b7e093dd055fe1",
            "default_security_group_id": "sg-0b939e88dc9d7eca9",
            "dhcp_options_id": "dopt-0f357f90d7f90fc1e",
            "enable_dns_hostnames": true,
            "enable_dns_support": true,
            "enable_network_address_usage_metrics": false,
            "id": "vpc-055727f7b18bb1c7a",
            "instance_tenancy": "default",
            "ipv4_ipam_pool_id": null,
            "ipv4_netmask_length": null,
            "ipv6_association_id": "",
            "ipv6_cidr_block": "",
            "ipv6_cidr_block_network_border_group": "",
            "ipv6_ipam_pool_id": "",
            "ipv6_netmask_length": 0,
            "main_route_table_id": "rtb-062b7e093dd055fe1",
            "owner_id": "590184134827",
            "tags": {
              "Env": "dev",
              "Name": "task-mgmt-vpc",
              "Owner": "atul.pandey@talentica.com",
              "System": "CloudOps"
            },
            "tags_all": {
              "Env": "dev",
              "Name": "task-mgmt-vpc",
              "Owner": "atul.pandey@talentica.com",
              "System": "CloudOps"
            }
          },
          "sensitive_attributes": [],
          "private": "eyJzY2hlbWFfdmVyc2lvbiI6IjEifQ=="
        }
      ]
    }
  ],
  "check_results": null
}
